
Microsoft Visual Studio Solution File, Format Version 11.00
# Visual Studio 2010
Project("{FAE04EC0-301F-11D3-BF4B-00C04F79EFBC}") = "WinSBSacco", "WinSBSacco\WinSBSacco.csproj", "{5CFFCC4C-7C68-46FB-9332-60BEFE9DA1DA}"
EndProject
Project("{FAE04EC0-301F-11D3-BF4B-00C04F79EFBC}") = "AdminstratorModule", "AdminstratorModule\AdminstratorModule.csproj", "{53C965BC-0067-4646-AB98-B2739E330C79}"
EndProject
Project("{FAE04EC0-301F-11D3-BF4B-00C04F79EFBC}") = "DAL", "DAL\DAL.csproj", "{C707ED80-AB24-4D9C-8DBF-3D7A072F4DF5}"
EndProject
Project("{FAE04EC0-301F-11D3-BF4B-00C04F79EFBC}") = "CommonLib", "CommonLib\CommonLib.csproj", "{92903B4E-D94B-4975-B325-EF8EC47D2B69}"
EndProject
Project("{FAE04EC0-301F-11D3-BF4B-00C04F79EFBC}") = "CustomerModule", "CustomerModule\CustomerModule.csproj", "{19779FB4-E095-4206-BA5D-287566F7E9A9}"
EndProject
Project("{FAE04EC0-301F-11D3-BF4B-00C04F79EFBC}") = "Infrastructure", "Infrastructure\Infrastructure.csproj", "{B533E770-3E4F-4F98-88E0-313859AEEE01}"
EndProject
Project("{54435603-DBB4-11D2-8724-00A0C9A8B90C}") = "SBSaccoSetup", "SBSaccoSetup\SBSaccoSetup.vdproj", "{541CFD6E-2BF8-419C-84D0-D4948AE4EC89}"
EndProject
Project("{FAE04EC0-301F-11D3-BF4B-00C04F79EFBC}") = "ReportsModule", "ReportsModule\ReportsModule.csproj", "{FD47AF4C-EE3B-4BF0-8A28-367CB5C4A9A4}"
EndProject
Project("{FAE04EC0-301F-11D3-BF4B-00C04F79EFBC}") = "SMOScripting", "SMOScripting\SMOScripting.csproj", "{76D44E42-1A30-45FB-881E-C4CBA7E3298D}"
EndProject
Project("{FAE04EC0-301F-11D3-BF4B-00C04F79EFBC}") = "AuthenticationModule", "AuthenticationModule\AuthenticationModule.csproj", "{3667A79A-D86E-41E4-91C2-DBC45A0DDA5A}"
EndProject
Project("{FAE04EC0-301F-11D3-BF4B-00C04F79EFBC}") = "DatabaseAdministrationModule", "DatabaseAdministrationModule\DatabaseAdministrationModule.csproj", "{C00B6C69-B057-47A0-AE7B-E91DCEF68140}"
EndProject
Project("{FAE04EC0-301F-11D3-BF4B-00C04F79EFBC}") = "LoansModule", "LoansModule\LoansModule.csproj", "{1AB81311-093A-47C6-8C74-A5C65BFA1586}"
EndProject
Project("{FAE04EC0-301F-11D3-BF4B-00C04F79EFBC}") = "SavingsModule", "SavingsModule\SavingsModule.csproj", "{5B8DEFDF-853B-420E-9050-E285B9F2ADB0}"
EndProject
Project("{FAE04EC0-301F-11D3-BF4B-00C04F79EFBC}") = "SearchModule", "SearchModule\SearchModule.csproj", "{2D34D6DB-2B29-4BF3-92DA-8831ECEDF4D5}"
EndProject
Project("{FAE04EC0-301F-11D3-BF4B-00C04F79EFBC}") = "TellersModule", "TellersModule\TellersModule.csproj", "{E477670F-0160-40E3-9008-8E1931FA9169}"
EndProject
Global
	GlobalSection(SolutionConfigurationPlatforms) = preSolution
		Debug|Any CPU = Debug|Any CPU
		Debug|Mixed Platforms = Debug|Mixed Platforms
		Debug|x86 = Debug|x86
		Release|Any CPU = Release|Any CPU
		Release|Mixed Platforms = Release|Mixed Platforms
		Release|x86 = Release|x86
	EndGlobalSection
	GlobalSection(ProjectConfigurationPlatforms) = postSolution
		{5CFFCC4C-7C68-46FB-9332-60BEFE9DA1DA}.Debug|Any CPU.ActiveCfg = Debug|x86
		{5CFFCC4C-7C68-46FB-9332-60BEFE9DA1DA}.Debug|Mixed Platforms.ActiveCfg = Debug|x86
		{5CFFCC4C-7C68-46FB-9332-60BEFE9DA1DA}.Debug|Mixed Platforms.Build.0 = Debug|x86
		{5CFFCC4C-7C68-46FB-9332-60BEFE9DA1DA}.Debug|x86.ActiveCfg = Debug|x86
		{5CFFCC4C-7C68-46FB-9332-60BEFE9DA1DA}.Debug|x86.Build.0 = Debug|x86
		{5CFFCC4C-7C68-46FB-9332-60BEFE9DA1DA}.Release|Any CPU.ActiveCfg = Release|x86
		{5CFFCC4C-7C68-46FB-9332-60BEFE9DA1DA}.Release|Mixed Platforms.ActiveCfg = Release|x86
		{5CFFCC4C-7C68-46FB-9332-60BEFE9DA1DA}.Release|Mixed Platforms.Build.0 = Release|x86
		{5CFFCC4C-7C68-46FB-9332-60BEFE9DA1DA}.Release|x86.ActiveCfg = Release|x86
		{5CFFCC4C-7C68-46FB-9332-60BEFE9DA1DA}.Release|x86.Build.0 = Release|x86
		{53C965BC-0067-4646-AB98-B2739E330C79}.Debug|Any CPU.ActiveCfg = Debug|Any CPU
		{53C965BC-0067-4646-AB98-B2739E330C79}.Debug|Any CPU.Build.0 = Debug|Any CPU
		{53C965BC-0067-4646-AB98-B2739E330C79}.Debug|Mixed Platforms.ActiveCfg = Debug|Any CPU
		{53C965BC-0067-4646-AB98-B2739E330C79}.Debug|Mixed Platforms.Build.0 = Debug|Any CPU
		{53C965BC-0067-4646-AB98-B2739E330C79}.Debug|x86.ActiveCfg = Debug|Any CPU
		{53C965BC-0067-4646-AB98-B2739E330C79}.Release|Any CPU.ActiveCfg = Release|Any CPU
		{53C965BC-0067-4646-AB98-B2739E330C79}.Release|Any CPU.Build.0 = Release|Any CPU
		{53C965BC-0067-4646-AB98-B2739E330C79}.Release|Mixed Platforms.ActiveCfg = Release|Any CPU
		{53C965BC-0067-4646-AB98-B2739E330C79}.Release|Mixed Platforms.Build.0 = Release|Any CPU
		{53C965BC-0067-4646-AB98-B2739E330C79}.Release|x86.ActiveCfg = Release|Any CPU
		{C707ED80-AB24-4D9C-8DBF-3D7A072F4DF5}.Debug|Any CPU.ActiveCfg = Debug|Any CPU
		{C707ED80-AB24-4D9C-8DBF-3D7A072F4DF5}.Debug|Any CPU.Build.0 = Debug|Any CPU
		{C707ED80-AB24-4D9C-8DBF-3D7A072F4DF5}.Debug|Mixed Platforms.ActiveCfg = Debug|Any CPU
		{C707ED80-AB24-4D9C-8DBF-3D7A072F4DF5}.Debug|Mixed Platforms.Build.0 = Debug|Any CPU
		{C707ED80-AB24-4D9C-8DBF-3D7A072F4DF5}.Debug|x86.ActiveCfg = Debug|Any CPU
		{C707ED80-AB24-4D9C-8DBF-3D7A072F4DF5}.Release|Any CPU.ActiveCfg = Release|Any CPU
		{C707ED80-AB24-4D9C-8DBF-3D7A072F4DF5}.Release|Any CPU.Build.0 = Release|Any CPU
		{C707ED80-AB24-4D9C-8DBF-3D7A072F4DF5}.Release|Mixed Platforms.ActiveCfg = Release|Any CPU
		{C707ED80-AB24-4D9C-8DBF-3D7A072F4DF5}.Release|Mixed Platforms.Build.0 = Release|Any CPU
		{C707ED80-AB24-4D9C-8DBF-3D7A072F4DF5}.Release|x86.ActiveCfg = Release|Any CPU
		{92903B4E-D94B-4975-B325-EF8EC47D2B69}.Debug|Any CPU.ActiveCfg = Debug|Any CPU
		{92903B4E-D94B-4975-B325-EF8EC47D2B69}.Debug|Any CPU.Build.0 = Debug|Any CPU
		{92903B4E-D94B-4975-B325-EF8EC47D2B69}.Debug|Mixed Platforms.ActiveCfg = Debug|Any CPU
		{92903B4E-D94B-4975-B325-EF8EC47D2B69}.Debug|Mixed Platforms.Build.0 = Debug|Any CPU
		{92903B4E-D94B-4975-B325-EF8EC47D2B69}.Debug|x86.ActiveCfg = Debug|Any CPU
		{92903B4E-D94B-4975-B325-EF8EC47D2B69}.Release|Any CPU.ActiveCfg = Release|Any CPU
		{92903B4E-D94B-4975-B325-EF8EC47D2B69}.Release|Any CPU.Build.0 = Release|Any CPU
		{92903B4E-D94B-4975-B325-EF8EC47D2B69}.Release|Mixed Platforms.ActiveCfg = Release|Any CPU
		{92903B4E-D94B-4975-B325-EF8EC47D2B69}.Release|Mixed Platforms.Build.0 = Release|Any CPU
		{92903B4E-D94B-4975-B325-EF8EC47D2B69}.Release|x86.ActiveCfg = Release|Any CPU
		{19779FB4-E095-4206-BA5D-287566F7E9A9}.Debug|Any CPU.ActiveCfg = Debug|Any CPU
		{19779FB4-E095-4206-BA5D-287566F7E9A9}.Debug|Any CPU.Build.0 = Debug|Any CPU
		{19779FB4-E095-4206-BA5D-287566F7E9A9}.Debug|Mixed Platforms.ActiveCfg = Debug|Any CPU
		{19779FB4-E095-4206-BA5D-287566F7E9A9}.Debug|Mixed Platforms.Build.0 = Debug|Any CPU
		{19779FB4-E095-4206-BA5D-287566F7E9A9}.Debug|x86.ActiveCfg = Debug|Any CPU
		{19779FB4-E095-4206-BA5D-287566F7E9A9}.Release|Any CPU.ActiveCfg = Release|Any CPU
		{19779FB4-E095-4206-BA5D-287566F7E9A9}.Release|Any CPU.Build.0 = Release|Any CPU
		{19779FB4-E095-4206-BA5D-287566F7E9A9}.Release|Mixed Platforms.ActiveCfg = Release|Any CPU
		{19779FB4-E095-4206-BA5D-287566F7E9A9}.Release|Mixed Platforms.Build.0 = Release|Any CPU
		{19779FB4-E095-4206-BA5D-287566F7E9A9}.Release|x86.ActiveCfg = Release|Any CPU
		{B533E770-3E4F-4F98-88E0-313859AEEE01}.Debug|Any CPU.ActiveCfg = Debug|Any CPU
		{B533E770-3E4F-4F98-88E0-313859AEEE01}.Debug|Any CPU.Build.0 = Debug|Any CPU
		{B533E770-3E4F-4F98-88E0-313859AEEE01}.Debug|Mixed Platforms.ActiveCfg = Debug|Any CPU
		{B533E770-3E4F-4F98-88E0-313859AEEE01}.Debug|Mixed Platforms.Build.0 = Debug|Any CPU
		{B533E770-3E4F-4F98-88E0-313859AEEE01}.Debug|x86.ActiveCfg = Debug|Any CPU
		{B533E770-3E4F-4F98-88E0-313859AEEE01}.Release|Any CPU.ActiveCfg = Release|Any CPU
		{B533E770-3E4F-4F98-88E0-313859AEEE01}.Release|Any CPU.Build.0 = Release|Any CPU
		{B533E770-3E4F-4F98-88E0-313859AEEE01}.Release|Mixed Platforms.ActiveCfg = Release|Any CPU
		{B533E770-3E4F-4F98-88E0-313859AEEE01}.Release|Mixed Platforms.Build.0 = Release|Any CPU
		{B533E770-3E4F-4F98-88E0-313859AEEE01}.Release|x86.ActiveCfg = Release|Any CPU
		{541CFD6E-2BF8-419C-84D0-D4948AE4EC89}.Debug|Any CPU.ActiveCfg = Debug
		{541CFD6E-2BF8-419C-84D0-D4948AE4EC89}.Debug|Any CPU.Build.0 = Debug
		{541CFD6E-2BF8-419C-84D0-D4948AE4EC89}.Debug|Mixed Platforms.ActiveCfg = Debug
		{541CFD6E-2BF8-419C-84D0-D4948AE4EC89}.Debug|x86.ActiveCfg = Debug
		{541CFD6E-2BF8-419C-84D0-D4948AE4EC89}.Debug|x86.Build.0 = Debug
		{541CFD6E-2BF8-419C-84D0-D4948AE4EC89}.Release|Any CPU.ActiveCfg = Release
		{541CFD6E-2BF8-419C-84D0-D4948AE4EC89}.Release|Any CPU.Build.0 = Release
		{541CFD6E-2BF8-419C-84D0-D4948AE4EC89}.Release|Mixed Platforms.ActiveCfg = Release
		{541CFD6E-2BF8-419C-84D0-D4948AE4EC89}.Release|Mixed Platforms.Build.0 = Release
		{541CFD6E-2BF8-419C-84D0-D4948AE4EC89}.Release|x86.ActiveCfg = Release
		{541CFD6E-2BF8-419C-84D0-D4948AE4EC89}.Release|x86.Build.0 = Release
		{FD47AF4C-EE3B-4BF0-8A28-367CB5C4A9A4}.Debug|Any CPU.ActiveCfg = Debug|Any CPU
		{FD47AF4C-EE3B-4BF0-8A28-367CB5C4A9A4}.Debug|Any CPU.Build.0 = Debug|Any CPU
		{FD47AF4C-EE3B-4BF0-8A28-367CB5C4A9A4}.Debug|Mixed Platforms.ActiveCfg = Debug|Any CPU
		{FD47AF4C-EE3B-4BF0-8A28-367CB5C4A9A4}.Debug|Mixed Platforms.Build.0 = Debug|Any CPU
		{FD47AF4C-EE3B-4BF0-8A28-367CB5C4A9A4}.Debug|x86.ActiveCfg = Debug|Any CPU
		{FD47AF4C-EE3B-4BF0-8A28-367CB5C4A9A4}.Release|Any CPU.ActiveCfg = Release|Any CPU
		{FD47AF4C-EE3B-4BF0-8A28-367CB5C4A9A4}.Release|Any CPU.Build.0 = Release|Any CPU
		{FD47AF4C-EE3B-4BF0-8A28-367CB5C4A9A4}.Release|Mixed Platforms.ActiveCfg = Release|Any CPU
		{FD47AF4C-EE3B-4BF0-8A28-367CB5C4A9A4}.Release|Mixed Platforms.Build.0 = Release|Any CPU
		{FD47AF4C-EE3B-4BF0-8A28-367CB5C4A9A4}.Release|x86.ActiveCfg = Release|Any CPU
		{76D44E42-1A30-45FB-881E-C4CBA7E3298D}.Debug|Any CPU.ActiveCfg = Debug|Any CPU
		{76D44E42-1A30-45FB-881E-C4CBA7E3298D}.Debug|Any CPU.Build.0 = Debug|Any CPU
		{76D44E42-1A30-45FB-881E-C4CBA7E3298D}.Debug|Mixed Platforms.ActiveCfg = Debug|Any CPU
		{76D44E42-1A30-45FB-881E-C4CBA7E3298D}.Debug|Mixed Platforms.Build.0 = Debug|Any CPU
		{76D44E42-1A30-45FB-881E-C4CBA7E3298D}.Debug|x86.ActiveCfg = Debug|Any CPU
		{76D44E42-1A30-45FB-881E-C4CBA7E3298D}.Release|Any CPU.ActiveCfg = Release|Any CPU
		{76D44E42-1A30-45FB-881E-C4CBA7E3298D}.Release|Any CPU.Build.0 = Release|Any CPU
		{76D44E42-1A30-45FB-881E-C4CBA7E3298D}.Release|Mixed Platforms.ActiveCfg = Release|Any CPU
		{76D44E42-1A30-45FB-881E-C4CBA7E3298D}.Release|Mixed Platforms.Build.0 = Release|Any CPU
		{76D44E42-1A30-45FB-881E-C4CBA7E3298D}.Release|x86.ActiveCfg = Release|Any CPU
		{3667A79A-D86E-41E4-91C2-DBC45A0DDA5A}.Debug|Any CPU.ActiveCfg = Debug|Any CPU
		{3667A79A-D86E-41E4-91C2-DBC45A0DDA5A}.Debug|Any CPU.Build.0 = Debug|Any CPU
		{3667A79A-D86E-41E4-91C2-DBC45A0DDA5A}.Debug|Mixed Platforms.ActiveCfg = Debug|Any CPU
		{3667A79A-D86E-41E4-91C2-DBC45A0DDA5A}.Debug|Mixed Platforms.Build.0 = Debug|Any CPU
		{3667A79A-D86E-41E4-91C2-DBC45A0DDA5A}.Debug|x86.ActiveCfg = Debug|Any CPU
		{3667A79A-D86E-41E4-91C2-DBC45A0DDA5A}.Release|Any CPU.ActiveCfg = Release|Any CPU
		{3667A79A-D86E-41E4-91C2-DBC45A0DDA5A}.Release|Any CPU.Build.0 = Release|Any CPU
		{3667A79A-D86E-41E4-91C2-DBC45A0DDA5A}.Release|Mixed Platforms.ActiveCfg = Release|Any CPU
		{3667A79A-D86E-41E4-91C2-DBC45A0DDA5A}.Release|Mixed Platforms.Build.0 = Release|Any CPU
		{3667A79A-D86E-41E4-91C2-DBC45A0DDA5A}.Release|x86.ActiveCfg = Release|Any CPU
		{C00B6C69-B057-47A0-AE7B-E91DCEF68140}.Debug|Any CPU.ActiveCfg = Debug|Any CPU
		{C00B6C69-B057-47A0-AE7B-E91DCEF68140}.Debug|Any CPU.Build.0 = Debug|Any CPU
		{C00B6C69-B057-47A0-AE7B-E91DCEF68140}.Debug|Mixed Platforms.ActiveCfg = Debug|Any CPU
		{C00B6C69-B057-47A0-AE7B-E91DCEF68140}.Debug|Mixed Platforms.Build.0 = Debug|Any CPU
		{C00B6C69-B057-47A0-AE7B-E91DCEF68140}.Debug|x86.ActiveCfg = Debug|Any CPU
		{C00B6C69-B057-47A0-AE7B-E91DCEF68140}.Release|Any CPU.ActiveCfg = Release|Any CPU
		{C00B6C69-B057-47A0-AE7B-E91DCEF68140}.Release|Any CPU.Build.0 = Release|Any CPU
		{C00B6C69-B057-47A0-AE7B-E91DCEF68140}.Release|Mixed Platforms.ActiveCfg = Release|Any CPU
		{C00B6C69-B057-47A0-AE7B-E91DCEF68140}.Release|Mixed Platforms.Build.0 = Release|Any CPU
		{C00B6C69-B057-47A0-AE7B-E91DCEF68140}.Release|x86.ActiveCfg = Release|Any CPU
		{1AB81311-093A-47C6-8C74-A5C65BFA1586}.Debug|Any CPU.ActiveCfg = Debug|Any CPU
		{1AB81311-093A-47C6-8C74-A5C65BFA1586}.Debug|Any CPU.Build.0 = Debug|Any CPU
		{1AB81311-093A-47C6-8C74-A5C65BFA1586}.Debug|Mixed Platforms.ActiveCfg = Debug|Any CPU
		{1AB81311-093A-47C6-8C74-A5C65BFA1586}.Debug|Mixed Platforms.Build.0 = Debug|Any CPU
		{1AB81311-093A-47C6-8C74-A5C65BFA1586}.Debug|x86.ActiveCfg = Debug|Any CPU
		{1AB81311-093A-47C6-8C74-A5C65BFA1586}.Release|Any CPU.ActiveCfg = Release|Any CPU
		{1AB81311-093A-47C6-8C74-A5C65BFA1586}.Release|Any CPU.Build.0 = Release|Any CPU
		{1AB81311-093A-47C6-8C74-A5C65BFA1586}.Release|Mixed Platforms.ActiveCfg = Release|Any CPU
		{1AB81311-093A-47C6-8C74-A5C65BFA1586}.Release|Mixed Platforms.Build.0 = Release|Any CPU
		{1AB81311-093A-47C6-8C74-A5C65BFA1586}.Release|x86.ActiveCfg = Release|Any CPU
		{5B8DEFDF-853B-420E-9050-E285B9F2ADB0}.Debug|Any CPU.ActiveCfg = Debug|Any CPU
		{5B8DEFDF-853B-420E-9050-E285B9F2ADB0}.Debug|Any CPU.Build.0 = Debug|Any CPU
		{5B8DEFDF-853B-420E-9050-E285B9F2ADB0}.Debug|Mixed Platforms.ActiveCfg = Debug|Any CPU
		{5B8DEFDF-853B-420E-9050-E285B9F2ADB0}.Debug|Mixed Platforms.Build.0 = Debug|Any CPU
		{5B8DEFDF-853B-420E-9050-E285B9F2ADB0}.Debug|x86.ActiveCfg = Debug|Any CPU
		{5B8DEFDF-853B-420E-9050-E285B9F2ADB0}.Release|Any CPU.ActiveCfg = Release|Any CPU
		{5B8DEFDF-853B-420E-9050-E285B9F2ADB0}.Release|Any CPU.Build.0 = Release|Any CPU
		{5B8DEFDF-853B-420E-9050-E285B9F2ADB0}.Release|Mixed Platforms.ActiveCfg = Release|Any CPU
		{5B8DEFDF-853B-420E-9050-E285B9F2ADB0}.Release|Mixed Platforms.Build.0 = Release|Any CPU
		{5B8DEFDF-853B-420E-9050-E285B9F2ADB0}.Release|x86.ActiveCfg = Release|Any CPU
		{2D34D6DB-2B29-4BF3-92DA-8831ECEDF4D5}.Debug|Any CPU.ActiveCfg = Debug|Any CPU
		{2D34D6DB-2B29-4BF3-92DA-8831ECEDF4D5}.Debug|Any CPU.Build.0 = Debug|Any CPU
		{2D34D6DB-2B29-4BF3-92DA-8831ECEDF4D5}.Debug|Mixed Platforms.ActiveCfg = Debug|Any CPU
		{2D34D6DB-2B29-4BF3-92DA-8831ECEDF4D5}.Debug|Mixed Platforms.Build.0 = Debug|Any CPU
		{2D34D6DB-2B29-4BF3-92DA-8831ECEDF4D5}.Debug|x86.ActiveCfg = Debug|Any CPU
		{2D34D6DB-2B29-4BF3-92DA-8831ECEDF4D5}.Release|Any CPU.ActiveCfg = Release|Any CPU
		{2D34D6DB-2B29-4BF3-92DA-8831ECEDF4D5}.Release|Any CPU.Build.0 = Release|Any CPU
		{2D34D6DB-2B29-4BF3-92DA-8831ECEDF4D5}.Release|Mixed Platforms.ActiveCfg = Release|Any CPU
		{2D34D6DB-2B29-4BF3-92DA-8831ECEDF4D5}.Release|Mixed Platforms.Build.0 = Release|Any CPU
		{2D34D6DB-2B29-4BF3-92DA-8831ECEDF4D5}.Release|x86.ActiveCfg = Release|Any CPU
		{E477670F-0160-40E3-9008-8E1931FA9169}.Debug|Any CPU.ActiveCfg = Debug|Any CPU
		{E477670F-0160-40E3-9008-8E1931FA9169}.Debug|Any CPU.Build.0 = Debug|Any CPU
		{E477670F-0160-40E3-9008-8E1931FA9169}.Debug|Mixed Platforms.ActiveCfg = Debug|Any CPU
		{E477670F-0160-40E3-9008-8E1931FA9169}.Debug|Mixed Platforms.Build.0 = Debug|Any CPU
		{E477670F-0160-40E3-9008-8E1931FA9169}.Debug|x86.ActiveCfg = Debug|Any CPU
		{E477670F-0160-40E3-9008-8E1931FA9169}.Release|Any CPU.ActiveCfg = Release|Any CPU
		{E477670F-0160-40E3-9008-8E1931FA9169}.Release|Any CPU.Build.0 = Release|Any CPU
		{E477670F-0160-40E3-9008-8E1931FA9169}.Release|Mixed Platforms.ActiveCfg = Release|Any CPU
		{E477670F-0160-40E3-9008-8E1931FA9169}.Release|Mixed Platforms.Build.0 = Release|Any CPU
		{E477670F-0160-40E3-9008-8E1931FA9169}.Release|x86.ActiveCfg = Release|Any CPU
	EndGlobalSection
	GlobalSection(SolutionProperties) = preSolution
		HideSolutionNode = FALSE
	EndGlobalSection
EndGlobal
